
Microsoft Visual Studio Solution File, Format Version 12.00
# Visual Studio Version 17
VisualStudioVersion = 17.0.31903.59
MinimumVisualStudioVersion = 10.0.40219.1
Project("{FAE04EC0-301F-11D3-BF4B-00C04F79EFBC}") = "CommandersCall.Core", "CommandersCall.Core\CommandersCall.Core.csproj", "{E6F64792-0723-4B9A-ACA5-0DF23685BBDB}"
EndProject
Global
	GlobalSection(SolutionConfigurationPlatforms) = preSolution
		Debug|Any CPU = Debug|Any CPU
		Release|Any CPU = Release|Any CPU
	EndGlobalSection
	GlobalSection(SolutionProperties) = preSolution
		HideSolutionNode = FALSE
	EndGlobalSection
	GlobalSection(ProjectConfigurationPlatforms) = postSolution
		{E6F64792-0723-4B9A-ACA5-0DF23685BBDB}.Debug|Any CPU.ActiveCfg = Debug|Any CPU
		{E6F64792-0723-4B9A-ACA5-0DF23685BBDB}.Debug|Any CPU.Build.0 = Debug|Any CPU
		{E6F64792-0723-4B9A-ACA5-0DF23685BBDB}.Release|Any CPU.ActiveCfg = Release|Any CPU
		{E6F64792-0723-4B9A-ACA5-0DF23685BBDB}.Release|Any CPU.Build.0 = Release|Any CPU
	EndGlobalSection
EndGlobal
